
Microsoft Visual Studio Solution File, Format Version 12.00
# Visual Studio Version 16
VisualStudioVersion = 16.0.31025.194
MinimumVisualStudioVersion = 10.0.40219.1
Project("{FAE04EC0-301F-11D3-BF4B-00C04F79EFBC}") = "ClientReservasi-20190140041", "ClientReservasi-20190140041\ClientReservasi-20190140041.csproj", "{1AD8FC46-8F74-4156-AD75-D9FD4E9D3249}"
EndProject
Global
	GlobalSection(SolutionConfigurationPlatforms) = preSolution
		Debug|Any CPU = Debug|Any CPU
		Release|Any CPU = Release|Any CPU
	EndGlobalSection
	GlobalSection(ProjectConfigurationPlatforms) = postSolution
		{1AD8FC46-8F74-4156-AD75-D9FD4E9D3249}.Debug|Any CPU.ActiveCfg = Debug|Any CPU
		{1AD8FC46-8F74-4156-AD75-D9FD4E9D3249}.Debug|Any CPU.Build.0 = Debug|Any CPU
		{1AD8FC46-8F74-4156-AD75-D9FD4E9D3249}.Release|Any CPU.ActiveCfg = Release|Any CPU
		{1AD8FC46-8F74-4156-AD75-D9FD4E9D3249}.Release|Any CPU.Build.0 = Release|Any CPU
	EndGlobalSection
	GlobalSection(SolutionProperties) = preSolution
		HideSolutionNode = FALSE
	EndGlobalSection
	GlobalSection(ExtensibilityGlobals) = postSolution
		SolutionGuid = {895F2301-544E-4375-8DA4-C4C1D9BC20A3}
	EndGlobalSection
EndGlobal
